// !$*UTF8*$!
{
	archiveVersion = 1;
	classes = {
	};
	objectVersion = 52;
	objects = {

/* Begin PBXBuildFile section */
		A1614B8E26F0B4CA00A0D18F /* GCDWebServers in Frameworks */ = {isa = PBXBuildFile; productRef = A1614B8D26F0B4CA00A0D18F /* GCDWebServers */; };
		A185995C2382EA870089F1B2 /* WebServer.swift in Sources */ = {isa = PBXBuildFile; fileRef = A185995A2382EA870089F1B2 /* WebServer.swift */; };
		A185995E2382EC340089F1B2 /* Utils.swift in Sources */ = {isa = PBXBuildFile; fileRef = A185995D2382EC340089F1B2 /* Utils.swift */; };
		A189466C237CAA28004D0B58 /* AppDelegate.swift in Sources */ = {isa = PBXBuildFile; fileRef = A189466B237CAA28004D0B58 /* AppDelegate.swift */; };
		A189466E237CAA28004D0B58 /* SceneDelegate.swift in Sources */ = {isa = PBXBuildFile; fileRef = A189466D237CAA28004D0B58 /* SceneDelegate.swift */; };
		A1894670237CAA28004D0B58 /* ViewController.swift in Sources */ = {isa = PBXBuildFile; fileRef = A189466F237CAA28004D0B58 /* ViewController.swift */; };
		A1894673237CAA28004D0B58 /* Main.storyboard in Resources */ = {isa = PBXBuildFile; fileRef = A1894671237CAA28004D0B58 /* Main.storyboard */; };
		A1894675237CAA2A004D0B58 /* Assets.xcassets in Resources */ = {isa = PBXBuildFile; fileRef = A1894674237CAA2A004D0B58 /* Assets.xcassets */; };
		A1894678237CAA2A004D0B58 /* LaunchScreen.storyboard in Resources */ = {isa = PBXBuildFile; fileRef = A1894676237CAA2A004D0B58 /* LaunchScreen.storyboard */; };
		A1894683237CAA2A004D0B58 /* ModPlayerTests.swift in Sources */ = {isa = PBXBuildFile; fileRef = A1894682237CAA2A004D0B58 /* ModPlayerTests.swift */; };
		A18946B2237CABFD004D0B58 /* liblibxmp.a in Frameworks */ = {isa = PBXBuildFile; fileRef = A18946B0237CABEE004D0B58 /* liblibxmp.a */; };
		A18946B4237CAC15004D0B58 /* ModuleInfo.swift in Sources */ = {isa = PBXBuildFile; fileRef = A18946B3237CAC15004D0B58 /* ModuleInfo.swift */; };
		A18946B6237CAC25004D0B58 /* StringHelper.swift in Sources */ = {isa = PBXBuildFile; fileRef = A18946B5237CAC24004D0B58 /* StringHelper.swift */; };
		A18946B8237CAC40004D0B58 /* AudioPlayer.swift in Sources */ = {isa = PBXBuildFile; fileRef = A18946B7237CAC3F004D0B58 /* AudioPlayer.swift */; };
		A18946BA237CAC62004D0B58 /* MusicPlayer.swift in Sources */ = {isa = PBXBuildFile; fileRef = A18946B9237CAC62004D0B58 /* MusicPlayer.swift */; };
		A18946BC237CAC9A004D0B58 /* ModPlayerConfig.swift in Sources */ = {isa = PBXBuildFile; fileRef = A18946BB237CAC9A004D0B58 /* ModPlayerConfig.swift */; };
		A1A7596023818E9C00241B32 /* FileChooserViewController.swift in Sources */ = {isa = PBXBuildFile; fileRef = A1A7595F23818E9C00241B32 /* FileChooserViewController.swift */; };
		A1A759642381F7AF00241B32 /* TrackView.swift in Sources */ = {isa = PBXBuildFile; fileRef = A1A759632381F7AF00241B32 /* TrackView.swift */; };
/* End PBXBuildFile section */

/* Begin PBXContainerItemProxy section */
		A189467F237CAA2A004D0B58 /* PBXContainerItemProxy */ = {
			isa = PBXContainerItemProxy;
			containerPortal = A1894660237CAA28004D0B58 /* Project object */;
			proxyType = 1;
			remoteGlobalIDString = A1894667237CAA28004D0B58;
			remoteInfo = ModPlayer;
		};
		A18946AF237CABEE004D0B58 /* PBXContainerItemProxy */ = {
			isa = PBXContainerItemProxy;
			containerPortal = A18946AB237CABEE004D0B58 /* libxmp.xcodeproj */;
			proxyType = 2;
			remoteGlobalIDString = 595F9C081E54B906009DBEED;
			remoteInfo = libxmp;
		};
/* End PBXContainerItemProxy section */

/* Begin PBXFileReference section */
		A10B31E429560AB800F8FF3A /* README.md */ = {isa = PBXFileReference; lastKnownFileType = net.daringfireball.markdown; name = README.md; path = ../README.md; sourceTree = "<group>"; };
		A185995A2382EA870089F1B2 /* WebServer.swift */ = {isa = PBXFileReference; lastKnownFileType = sourcecode.swift; path = WebServer.swift; sourceTree = "<group>"; };
		A185995D2382EC340089F1B2 /* Utils.swift */ = {isa = PBXFileReference; lastKnownFileType = sourcecode.swift; path = Utils.swift; sourceTree = "<group>"; };
		A1894668237CAA28004D0B58 /* ModPlayer.app */ = {isa = PBXFileReference; explicitFileType = wrapper.application; includeInIndex = 0; path = ModPlayer.app; sourceTree = BUILT_PRODUCTS_DIR; };
		A189466B237CAA28004D0B58 /* AppDelegate.swift */ = {isa = PBXFileReference; lastKnownFileType = sourcecode.swift; path = AppDelegate.swift; sourceTree = "<group>"; };
		A189466D237CAA28004D0B58 /* SceneDelegate.swift */ = {isa = PBXFileReference; lastKnownFileType = sourcecode.swift; path = SceneDelegate.swift; sourceTree = "<group>"; };
		A189466F237CAA28004D0B58 /* ViewController.swift */ = {isa = PBXFileReference; lastKnownFileType = sourcecode.swift; path = ViewController.swift; sourceTree = "<group>"; };
		A1894672237CAA28004D0B58 /* Base */ = {isa = PBXFileReference; lastKnownFileType = file.storyboard; name = Base; path = Base.lproj/Main.storyboard; sourceTree = "<group>"; };
		A1894674237CAA2A004D0B58 /* Assets.xcassets */ = {isa = PBXFileReference; lastKnownFileType = folder.assetcatalog; path = Assets.xcassets; sourceTree = "<group>"; };
		A1894677237CAA2A004D0B58 /* Base */ = {isa = PBXFileReference; lastKnownFileType = file.storyboard; name = Base; path = Base.lproj/LaunchScreen.storyboard; sourceTree = "<group>"; };
		A1894679237CAA2A004D0B58 /* Info.plist */ = {isa = PBXFileReference; lastKnownFileType = text.plist.xml; path = Info.plist; sourceTree = "<group>"; };
		A189467E237CAA2A004D0B58 /* ModPlayerTests.xctest */ = {isa = PBXFileReference; explicitFileType = wrapper.cfbundle; includeInIndex = 0; path = ModPlayerTests.xctest; sourceTree = BUILT_PRODUCTS_DIR; };
		A1894682237CAA2A004D0B58 /* ModPlayerTests.swift */ = {isa = PBXFileReference; lastKnownFileType = sourcecode.swift; path = ModPlayerTests.swift; sourceTree = "<group>"; };
		A1894684237CAA2A004D0B58 /* Info.plist */ = {isa = PBXFileReference; lastKnownFileType = text.plist.xml; path = Info.plist; sourceTree = "<group>"; };
		A18946A4237CAB6F004D0B58 /* ModPlayer-Bridging-Header.h */ = {isa = PBXFileReference; fileEncoding = 4; lastKnownFileType = sourcecode.c.h; path = "ModPlayer-Bridging-Header.h"; sourceTree = "<group>"; };
		A18946AB237CABEE004D0B58 /* libxmp.xcodeproj */ = {isa = PBXFileReference; lastKnownFileType = "wrapper.pb-project"; name = libxmp.xcodeproj; path = libxmp/libxmp.xcodeproj; sourceTree = "<group>"; };
		A18946B3237CAC15004D0B58 /* ModuleInfo.swift */ = {isa = PBXFileReference; lastKnownFileType = sourcecode.swift; path = ModuleInfo.swift; sourceTree = "<group>"; };
		A18946B5237CAC24004D0B58 /* StringHelper.swift */ = {isa = PBXFileReference; lastKnownFileType = sourcecode.swift; path = StringHelper.swift; sourceTree = "<group>"; };
		A18946B7237CAC3F004D0B58 /* AudioPlayer.swift */ = {isa = PBXFileReference; lastKnownFileType = sourcecode.swift; path = AudioPlayer.swift; sourceTree = "<group>"; };
		A18946B9237CAC62004D0B58 /* MusicPlayer.swift */ = {isa = PBXFileReference; lastKnownFileType = sourcecode.swift; path = MusicPlayer.swift; sourceTree = "<group>"; };
		A18946BB237CAC9A004D0B58 /* ModPlayerConfig.swift */ = {isa = PBXFileReference; lastKnownFileType = sourcecode.swift; path = ModPlayerConfig.swift; sourceTree = "<group>"; };
		A1A7595F23818E9C00241B32 /* FileChooserViewController.swift */ = {isa = PBXFileReference; lastKnownFileType = sourcecode.swift; path = FileChooserViewController.swift; sourceTree = "<group>"; };
		A1A759632381F7AF00241B32 /* TrackView.swift */ = {isa = PBXFileReference; lastKnownFileType = sourcecode.swift; path = TrackView.swift; sourceTree = "<group>"; };
/* End PBXFileReference section */

/* Begin PBXFrameworksBuildPhase section */
		A1894665237CAA28004D0B58 /* Frameworks */ = {
			isa = PBXFrameworksBuildPhase;
			buildActionMask = 2147483647;
			files = (
				A18946B2237CABFD004D0B58 /* liblibxmp.a in Frameworks */,
				A1614B8E26F0B4CA00A0D18F /* GCDWebServers in Frameworks */,
			);
			runOnlyForDeploymentPostprocessing = 0;
		};
		A189467B237CAA2A004D0B58 /* Frameworks */ = {
			isa = PBXFrameworksBuildPhase;
			buildActionMask = 2147483647;
			files = (
			);
			runOnlyForDeploymentPostprocessing = 0;
		};
/* End PBXFrameworksBuildPhase section */

/* Begin PBXGroup section */
		A189465F237CAA28004D0B58 = {
			isa = PBXGroup;
			children = (
				A189466A237CAA28004D0B58 /* ModPlayer */,
				A1894681237CAA2A004D0B58 /* ModPlayerTests */,
				A1894669237CAA28004D0B58 /* Products */,
			);
			sourceTree = "<group>";
		};
		A1894669237CAA28004D0B58 /* Products */ = {
			isa = PBXGroup;
			children = (
				A1894668237CAA28004D0B58 /* ModPlayer.app */,
				A189467E237CAA2A004D0B58 /* ModPlayerTests.xctest */,
			);
			name = Products;
			sourceTree = "<group>";
		};
		A189466A237CAA28004D0B58 /* ModPlayer */ = {
			isa = PBXGroup;
			children = (
				A18946AB237CABEE004D0B58 /* libxmp.xcodeproj */,
				A18946A4237CAB6F004D0B58 /* ModPlayer-Bridging-Header.h */,
				A189466B237CAA28004D0B58 /* AppDelegate.swift */,
				A189466D237CAA28004D0B58 /* SceneDelegate.swift */,
				A189466F237CAA28004D0B58 /* ViewController.swift */,
				A1A759632381F7AF00241B32 /* TrackView.swift */,
				A1A7595F23818E9C00241B32 /* FileChooserViewController.swift */,
				A185995A2382EA870089F1B2 /* WebServer.swift */,
				A18946B3237CAC15004D0B58 /* ModuleInfo.swift */,
				A18946B9237CAC62004D0B58 /* MusicPlayer.swift */,
				A18946B7237CAC3F004D0B58 /* AudioPlayer.swift */,
				A18946BB237CAC9A004D0B58 /* ModPlayerConfig.swift */,
				A18946B5237CAC24004D0B58 /* StringHelper.swift */,
				A185995D2382EC340089F1B2 /* Utils.swift */,
				A1894671237CAA28004D0B58 /* Main.storyboard */,
				A1894674237CAA2A004D0B58 /* Assets.xcassets */,
				A1894676237CAA2A004D0B58 /* LaunchScreen.storyboard */,
				A1894679237CAA2A004D0B58 /* Info.plist */,
				A10B31E429560AB800F8FF3A /* README.md */,
			);
			path = ModPlayer;
			sourceTree = "<group>";
		};
		A1894681237CAA2A004D0B58 /* ModPlayerTests */ = {
			isa = PBXGroup;
			children = (
				A1894682237CAA2A004D0B58 /* ModPlayerTests.swift */,
				A1894684237CAA2A004D0B58 /* Info.plist */,
			);
			path = ModPlayerTests;
			sourceTree = "<group>";
		};
		A18946AC237CABEE004D0B58 /* Products */ = {
			isa = PBXGroup;
			children = (
				A18946B0237CABEE004D0B58 /* liblibxmp.a */,
			);
			name = Products;
			sourceTree = "<group>";
		};
/* End PBXGroup section */

/* Begin PBXNativeTarget section */
		A1894667237CAA28004D0B58 /* ModPlayer */ = {
			isa = PBXNativeTarget;
			buildConfigurationList = A1894687237CAA2A004D0B58 /* Build configuration list for PBXNativeTarget "ModPlayer" */;
			buildPhases = (
				A1894664237CAA28004D0B58 /* Sources */,
				A1894665237CAA28004D0B58 /* Frameworks */,
				A1894666237CAA28004D0B58 /* Resources */,
			);
			buildRules = (
			);
			dependencies = (
			);
			name = ModPlayer;
			packageProductDependencies = (
				A1614B8D26F0B4CA00A0D18F /* GCDWebServers */,
			);
			productName = ModPlayer;
			productReference = A1894668237CAA28004D0B58 /* ModPlayer.app */;
			productType = "com.apple.product-type.application";
		};
		A189467D237CAA2A004D0B58 /* ModPlayerTests */ = {
			isa = PBXNativeTarget;
			buildConfigurationList = A189468A237CAA2A004D0B58 /* Build configuration list for PBXNativeTarget "ModPlayerTests" */;
			buildPhases = (
				A189467A237CAA2A004D0B58 /* Sources */,
				A189467B237CAA2A004D0B58 /* Frameworks */,
				A189467C237CAA2A004D0B58 /* Resources */,
			);
			buildRules = (
			);
			dependencies = (
				A1894680237CAA2A004D0B58 /* PBXTargetDependency */,
			);
			name = ModPlayerTests;
			productName = ModPlayerTests;
			productReference = A189467E237CAA2A004D0B58 /* ModPlayerTests.xctest */;
			productType = "com.apple.product-type.bundle.unit-test";
		};
/* End PBXNativeTarget section */

/* Begin PBXProject section */
		A1894660237CAA28004D0B58 /* Project object */ = {
			isa = PBXProject;
			attributes = {
				LastSwiftUpdateCheck = 1120;
				LastUpgradeCheck = 1120;
				ORGANIZATIONNAME = "Andy Qua";
				TargetAttributes = {
					A1894667237CAA28004D0B58 = {
						CreatedOnToolsVersion = 11.2.1;
					};
					A189467D237CAA2A004D0B58 = {
						CreatedOnToolsVersion = 11.2.1;
						TestTargetID = A1894667237CAA28004D0B58;
					};
				};
			};
			buildConfigurationList = A1894663237CAA28004D0B58 /* Build configuration list for PBXProject "ModPlayer" */;
			compatibilityVersion = "Xcode 9.3";
			developmentRegion = en;
			hasScannedForEncodings = 0;
			knownRegions = (
				en,
				Base,
			);
			mainGroup = A189465F237CAA28004D0B58;
			packageReferences = (
				A1614B8C26F0B4CA00A0D18F /* XCRemoteSwiftPackageReference "GCDWebServer" */,
			);
			productRefGroup = A1894669237CAA28004D0B58 /* Products */;
			projectDirPath = "";
			projectReferences = (
				{
					ProductGroup = A18946AC237CABEE004D0B58 /* Products */;
					ProjectRef = A18946AB237CABEE004D0B58 /* libxmp.xcodeproj */;
				},
			);
			projectRoot = "";
			targets = (
				A1894667237CAA28004D0B58 /* ModPlayer */,
				A189467D237CAA2A004D0B58 /* ModPlayerTests */,
			);
		};
/* End PBXProject section */

/* Begin PBXReferenceProxy section */
		A18946B0237CABEE004D0B58 /* liblibxmp.a */ = {
			isa = PBXReferenceProxy;
			fileType = archive.ar;
			path = liblibxmp.a;
			remoteRef = A18946AF237CABEE004D0B58 /* PBXContainerItemProxy */;
			sourceTree = BUILT_PRODUCTS_DIR;
		};
/* End PBXReferenceProxy section */

/* Begin PBXResourcesBuildPhase section */
		A1894666237CAA28004D0B58 /* Resources */ = {
			isa = PBXResourcesBuildPhase;
			buildActionMask = 2147483647;
			files = (
				A1894678237CAA2A004D0B58 /* LaunchScreen.storyboard in Resources */,
				A1894675237CAA2A004D0B58 /* Assets.xcassets in Resources */,
				A1894673237CAA28004D0B58 /* Main.storyboard in Resources */,
			);
			runOnlyForDeploymentPostprocessing = 0;
		};
		A189467C237CAA2A004D0B58 /* Resources */ = {
			isa = PBXResourcesBuildPhase;
			buildActionMask = 2147483647;
			files = (
			);
			runOnlyForDeploymentPostprocessing = 0;
		};
/* End PBXResourcesBuildPhase section */

/* Begin PBXSourcesBuildPhase section */
		A1894664237CAA28004D0B58 /* Sources */ = {
			isa = PBXSourcesBuildPhase;
			buildActionMask = 2147483647;
			files = (
				A1894670237CAA28004D0B58 /* ViewController.swift in Sources */,
				A18946BC237CAC9A004D0B58 /* ModPlayerConfig.swift in Sources */,
				A1A759642381F7AF00241B32 /* TrackView.swift in Sources */,
				A18946BA237CAC62004D0B58 /* MusicPlayer.swift in Sources */,
				A189466C237CAA28004D0B58 /* AppDelegate.swift in Sources */,
				A18946B8237CAC40004D0B58 /* AudioPlayer.swift in Sources */,
				A18946B4237CAC15004D0B58 /* ModuleInfo.swift in Sources */,
				A18946B6237CAC25004D0B58 /* StringHelper.swift in Sources */,
				A1A7596023818E9C00241B32 /* FileChooserViewController.swift in Sources */,
				A189466E237CAA28004D0B58 /* SceneDelegate.swift in Sources */,
				A185995C2382EA870089F1B2 /* WebServer.swift in Sources */,
				A185995E2382EC340089F1B2 /* Utils.swift in Sources */,
			);
			runOnlyForDeploymentPostprocessing = 0;
		};
		A189467A237CAA2A004D0B58 /* Sources */ = {
			isa = PBXSourcesBuildPhase;
			buildActionMask = 2147483647;
			files = (
				A1894683237CAA2A004D0B58 /* ModPlayerTests.swift in Sources */,
			);
			runOnlyForDeploymentPostprocessing = 0;
		};
/* End PBXSourcesBuildPhase section */

/* Begin PBXTargetDependency section */
		A1894680237CAA2A004D0B58 /* PBXTargetDependency */ = {
			isa = PBXTargetDependency;
			target = A1894667237CAA28004D0B58 /* ModPlayer */;
			targetProxy = A189467F237CAA2A004D0B58 /* PBXContainerItemProxy */;
		};
/* End PBXTargetDependency section */

/* Begin PBXVariantGroup section */
		A1894671237CAA28004D0B58 /* Main.storyboard */ = {
			isa = PBXVariantGroup;
			children = (
				A1894672237CAA28004D0B58 /* Base */,
			);
			name = Main.storyboard;
			sourceTree = "<group>";
		};
		A1894676237CAA2A004D0B58 /* LaunchScreen.storyboard */ = {
			isa = PBXVariantGroup;
			children = (
				A1894677237CAA2A004D0B58 /* Base */,
			);
			name = LaunchScreen.storyboard;
			sourceTree = "<group>";
		};
/* End PBXVariantGroup section */

/* Begin XCBuildConfiguration section */
		A1894685237CAA2A004D0B58 /* Debug */ = {
			isa = XCBuildConfiguration;
			buildSettings = {
				ALWAYS_SEARCH_USER_PATHS = NO;
				CLANG_ANALYZER_NONNULL = YES;
				CLANG_ANALYZER_NUMBER_OBJECT_CONVERSION = YES_AGGRESSIVE;
				CLANG_CXX_LANGUAGE_STANDARD = "gnu++14";
				CLANG_CXX_LIBRARY = "libc++";
				CLANG_ENABLE_MODULES = YES;
				CLANG_ENABLE_OBJC_ARC = YES;
				CLANG_ENABLE_OBJC_WEAK = YES;
				CLANG_WARN_BLOCK_CAPTURE_AUTORELEASING = YES;
				CLANG_WARN_BOOL_CONVERSION = YES;
				CLANG_WARN_COMMA = YES;
				CLANG_WARN_CONSTANT_CONVERSION = YES;
				CLANG_WARN_DEPRECATED_OBJC_IMPLEMENTATIONS = YES;
				CLANG_WARN_DIRECT_OBJC_ISA_USAGE = YES_ERROR;
				CLANG_WARN_DOCUMENTATION_COMMENTS = YES;
				CLANG_WARN_EMPTY_BODY = YES;
				CLANG_WARN_ENUM_CONVERSION = YES;
				CLANG_WARN_INFINITE_RECURSION = YES;
				CLANG_WARN_INT_CONVERSION = YES;
				CLANG_WARN_NON_LITERAL_NULL_CONVERSION = YES;
				CLANG_WARN_OBJC_IMPLICIT_RETAIN_SELF = YES;
				CLANG_WARN_OBJC_LITERAL_CONVERSION = YES;
				CLANG_WARN_OBJC_ROOT_CLASS = YES_ERROR;
				CLANG_WARN_RANGE_LOOP_ANALYSIS = YES;
				CLANG_WARN_STRICT_PROTOTYPES = YES;
				CLANG_WARN_SUSPICIOUS_MOVE = YES;
				CLANG_WARN_UNGUARDED_AVAILABILITY = YES_AGGRESSIVE;
				CLANG_WARN_UNREACHABLE_CODE = YES;
				CLANG_WARN__DUPLICATE_METHOD_MATCH = YES;
				COPY_PHASE_STRIP = NO;
				DEBUG_INFORMATION_FORMAT = dwarf;
				ENABLE_STRICT_OBJC_MSGSEND = YES;
				ENABLE_TESTABILITY = YES;
				GCC_C_LANGUAGE_STANDARD = gnu11;
				GCC_DYNAMIC_NO_PIC = NO;
				GCC_NO_COMMON_BLOCKS = YES;
				GCC_OPTIMIZATION_LEVEL = 0;
				GCC_PREPROCESSOR_DEFINITIONS = (
					"DEBUG=1",
					"$(inherited)",
				);
				GCC_WARN_64_TO_32_BIT_CONVERSION = YES;
				GCC_WARN_ABOUT_RETURN_TYPE = YES_ERROR;
				GCC_WARN_UNDECLARED_SELECTOR = YES;
				GCC_WARN_UNINITIALIZED_AUTOS = YES_AGGRESSIVE;
				GCC_WARN_UNUSED_FUNCTION = YES;
				GCC_WARN_UNUSED_VARIABLE = YES;
				IPHONEOS_DEPLOYMENT_TARGET = 13.2;
				MTL_ENABLE_DEBUG_INFO = INCLUDE_SOURCE;
				MTL_FAST_MATH = YES;
				ONLY_ACTIVE_ARCH = YES;
				SDKROOT = iphoneos;
				SWIFT_ACTIVE_COMPILATION_CONDITIONS = DEBUG;
				SWIFT_OPTIMIZATION_LEVEL = "-Onone";
			};
			name = Debug;
		};
		A1894686237CAA2A004D0B58 /* Release */ = {
			isa = XCBuildConfiguration;
			buildSettings = {
				ALWAYS_SEARCH_USER_PATHS = NO;
				CLANG_ANALYZER_NONNULL = YES;
				CLANG_ANALYZER_NUMBER_OBJECT_CONVERSION = YES_AGGRESSIVE;
				CLANG_CXX_LANGUAGE_STANDARD = "gnu++14";
				CLANG_CXX_LIBRARY = "libc++";
				CLANG_ENABLE_MODULES = YES;
				CLANG_ENABLE_OBJC_ARC = YES;
				CLANG_ENABLE_OBJC_WEAK = YES;
				CLANG_WARN_BLOCK_CAPTURE_AUTORELEASING = YES;
				CLANG_WARN_BOOL_CONVERSION = YES;
				CLANG_WARN_COMMA = YES;
				CLANG_WARN_CONSTANT_CONVERSION = YES;
				CLANG_WARN_DEPRECATED_OBJC_IMPLEMENTATIONS = YES;
				CLANG_WARN_DIRECT_OBJC_ISA_USAGE = YES_ERROR;
				CLANG_WARN_DOCUMENTATION_COMMENTS = YES;
				CLANG_WARN_EMPTY_BODY = YES;
				CLANG_WARN_ENUM_CONVERSION = YES;
				CLANG_WARN_INFINITE_RECURSION = YES;
				CLANG_WARN_INT_CONVERSION = YES;
				CLANG_WARN_NON_LITERAL_NULL_CONVERSION = YES;
				CLANG_WARN_OBJC_IMPLICIT_RETAIN_SELF = YES;
				CLANG_WARN_OBJC_LITERAL_CONVERSION = YES;
				CLANG_WARN_OBJC_ROOT_CLASS = YES_ERROR;
				CLANG_WARN_RANGE_LOOP_ANALYSIS = YES;
				CLANG_WARN_STRICT_PROTOTYPES = YES;
				CLANG_WARN_SUSPICIOUS_MOVE = YES;
				CLANG_WARN_UNGUARDED_AVAILABILITY = YES_AGGRESSIVE;
				CLANG_WARN_UNREACHABLE_CODE = YES;
				CLANG_WARN__DUPLICATE_METHOD_MATCH = YES;
				COPY_PHASE_STRIP = NO;
				DEBUG_INFORMATION_FORMAT = "dwarf-with-dsym";
				ENABLE_NS_ASSERTIONS = NO;
				ENABLE_STRICT_OBJC_MSGSEND = YES;
				GCC_C_LANGUAGE_STANDARD = gnu11;
				GCC_NO_COMMON_BLOCKS = YES;
				GCC_WARN_64_TO_32_BIT_CONVERSION = YES;
				GCC_WARN_ABOUT_RETURN_TYPE = YES_ERROR;
				GCC_WARN_UNDECLARED_SELECTOR = YES;
				GCC_WARN_UNINITIALIZED_AUTOS = YES_AGGRESSIVE;
				GCC_WARN_UNUSED_FUNCTION = YES;
				GCC_WARN_UNUSED_VARIABLE = YES;
				IPHONEOS_DEPLOYMENT_TARGET = 13.2;
				MTL_ENABLE_DEBUG_INFO = NO;
				MTL_FAST_MATH = YES;
				SDKROOT = iphoneos;
				SWIFT_COMPILATION_MODE = wholemodule;
				SWIFT_OPTIMIZATION_LEVEL = "-O";
				VALIDATE_PRODUCT = YES;
			};
			name = Release;
		};
		A1894688237CAA2A004D0B58 /* Debug */ = {
			isa = XCBuildConfiguration;
			buildSettings = {
				ASSETCATALOG_COMPILER_APPICON_NAME = AppIcon;
				CODE_SIGN_STYLE = Automatic;
				DEVELOPMENT_TEAM = A4ZM73UFF5;
				INFOPLIST_FILE = ModPlayer/Info.plist;
				IPHONEOS_DEPLOYMENT_TARGET = 15.0;
				LD_RUNPATH_SEARCH_PATHS = (
					"$(inherited)",
					"@executable_path/Frameworks",
				);
				PRODUCT_BUNDLE_IDENTIFIER = com.andyqua.ModPlayer;
				PRODUCT_NAME = "$(TARGET_NAME)";
				SWIFT_OBJC_BRIDGING_HEADER = "ModPlayer/ModPlayer-Bridging-Header.h";
				SWIFT_VERSION = 5.0;
				TARGETED_DEVICE_FAMILY = "1,2";
			};
			name = Debug;
		};
		A1894689237CAA2A004D0B58 /* Release */ = {
			isa = XCBuildConfiguration;
			buildSettings = {
				ASSETCATALOG_COMPILER_APPICON_NAME = AppIcon;
				CODE_SIGN_STYLE = Automatic;
				DEVELOPMENT_TEAM = A4ZM73UFF5;
				INFOPLIST_FILE = ModPlayer/Info.plist;
				IPHONEOS_DEPLOYMENT_TARGET = 15.0;
				LD_RUNPATH_SEARCH_PATHS = (
					"$(inherited)",
					"@executable_path/Frameworks",
				);
				PRODUCT_BUNDLE_IDENTIFIER = com.andyqua.ModPlayer;
				PRODUCT_NAME = "$(TARGET_NAME)";
				SWIFT_OBJC_BRIDGING_HEADER = "ModPlayer/ModPlayer-Bridging-Header.h";
				SWIFT_VERSION = 5.0;
				TARGETED_DEVICE_FAMILY = "1,2";
			};
			name = Release;
		};
		A189468B237CAA2A004D0B58 /* Debug */ = {
			isa = XCBuildConfiguration;
			buildSettings = {
				ALWAYS_EMBED_SWIFT_STANDARD_LIBRARIES = YES;
				BUNDLE_LOADER = "$(TEST_HOST)";
				CODE_SIGN_STYLE = Automatic;
				DEVELOPMENT_TEAM = A4ZM73UFF5;
				INFOPLIST_FILE = ModPlayerTests/Info.plist;
				IPHONEOS_DEPLOYMENT_TARGET = 13.2;
				LD_RUNPATH_SEARCH_PATHS = (
					"$(inherited)",
					"@executable_path/Frameworks",
					"@loader_path/Frameworks",
				);
				PRODUCT_BUNDLE_IDENTIFIER = com.andyqua.ModPlayerTests;
				PRODUCT_NAME = "$(TARGET_NAME)";
				SWIFT_VERSION = 5.0;
				TARGETED_DEVICE_FAMILY = "1,2";
				TEST_HOST = "$(BUILT_PRODUCTS_DIR)/ModPlayer.app/ModPlayer";
			};
			name = Debug;
		};
		A189468C237CAA2A004D0B58 /* Release */ = {
			isa = XCBuildConfiguration;
			buildSettings = {
				ALWAYS_EMBED_SWIFT_STANDARD_LIBRARIES = YES;
				BUNDLE_LOADER = "$(TEST_HOST)";
				CODE_SIGN_STYLE = Automatic;
				DEVELOPMENT_TEAM = A4ZM73UFF5;
				INFOPLIST_FILE = ModPlayerTests/Info.plist;
				IPHONEOS_DEPLOYMENT_TARGET = 13.2;
				LD_RUNPATH_SEARCH_PATHS = (
					"$(inherited)",
					"@executable_path/Frameworks",
					"@loader_path/Frameworks",
				);
				PRODUCT_BUNDLE_IDENTIFIER = com.andyqua.ModPlayerTests;
				PRODUCT_NAME = "$(TARGET_NAME)";
				SWIFT_VERSION = 5.0;
				TARGETED_DEVICE_FAMILY = "1,2";
				TEST_HOST = "$(BUILT_PRODUCTS_DIR)/ModPlayer.app/ModPlayer";
			};
			name = Release;
		};
/* End XCBuildConfiguration section */

/* Begin XCConfigurationList section */
		A1894663237CAA28004D0B58 /* Build configuration list for PBXProject "ModPlayer" */ = {
			isa = XCConfigurationList;
			buildConfigurations = (
				A1894685237CAA2A004D0B58 /* Debug */,
				A1894686237CAA2A004D0B58 /* Release */,
			);
			defaultConfigurationIsVisible = 0;
			defaultConfigurationName = Release;
		};
		A1894687237CAA2A004D0B58 /* Build configuration list for PBXNativeTarget "ModPlayer" */ = {
			isa = XCConfigurationList;
			buildConfigurations = (
				A1894688237CAA2A004D0B58 /* Debug */,
				A1894689237CAA2A004D0B58 /* Release */,
			);
			defaultConfigurationIsVisible = 0;
			defaultConfigurationName = Release;
		};
		A189468A237CAA2A004D0B58 /* Build configuration list for PBXNativeTarget "ModPlayerTests" */ = {
			isa = XCConfigurationList;
			buildConfigurations = (
				A189468B237CAA2A004D0B58 /* Debug */,
				A189468C237CAA2A004D0B58 /* Release */,
			);
			defaultConfigurationIsVisible = 0;
			defaultConfigurationName = Release;
		};
/* End XCConfigurationList section */

/* Begin XCRemoteSwiftPackageReference section */
		A1614B8C26F0B4CA00A0D18F /* XCRemoteSwiftPackageReference "GCDWebServer" */ = {
			isa = XCRemoteSwiftPackageReference;
			repositoryURL = "https://github.com/nostradani/GCDWebServer";
			requirement = {
				branch = master;
				kind = branch;
			};
		};
/* End XCRemoteSwiftPackageReference section */

/* Begin XCSwiftPackageProductDependency section */
		A1614B8D26F0B4CA00A0D18F /* GCDWebServers */ = {
			isa = XCSwiftPackageProductDependency;
			package = A1614B8C26F0B4CA00A0D18F /* XCRemoteSwiftPackageReference "GCDWebServer" */;
			productName = GCDWebServers;
		};
/* End XCSwiftPackageProductDependency section */
	};
	rootObject = A1894660237CAA28004D0B58 /* Project object */;
}
